// !$*UTF8*$!
{
	archiveVersion = 1;
	classes = {
	};
	objectVersion = 46;
	objects = {

/* Begin PBXBuildFile section */
		D72D7D061AF9BE6000A00563 /* AppDelegate.swift in Sources */ = {isa = PBXBuildFile; fileRef = D72D7D051AF9BE6000A00563 /* AppDelegate.swift */; };
		D72D7D081AF9BE6000A00563 /* ViewController.swift in Sources */ = {isa = PBXBuildFile; fileRef = D72D7D071AF9BE6000A00563 /* ViewController.swift */; };
		D72D7D0B1AF9BE6000A00563 /* Main.storyboard in Resources */ = {isa = PBXBuildFile; fileRef = D72D7D091AF9BE6000A00563 /* Main.storyboard */; };
		D72D7D0D1AF9BE6000A00563 /* Images.xcassets in Resources */ = {isa = PBXBuildFile; fileRef = D72D7D0C1AF9BE6000A00563 /* Images.xcassets */; };
		D72D7D101AF9BE6000A00563 /* LaunchScreen.xib in Resources */ = {isa = PBXBuildFile; fileRef = D72D7D0E1AF9BE6000A00563 /* LaunchScreen.xib */; };
/* End PBXBuildFile section */

/* Begin PBXFileReference section */
		D72D7D001AF9BE6000A00563 /* QRCodeGenerator.app */ = {isa = PBXFileReference; explicitFileType = wrapper.application; includeInIndex = 0; path = QRCodeGenerator.app; sourceTree = BUILT_PRODUCTS_DIR; };
		D72D7D041AF9BE6000A00563 /* Info.plist */ = {isa = PBXFileReference; lastKnownFileType = text.plist.xml; path = Info.plist; sourceTree = "<group>"; };
		D72D7D051AF9BE6000A00563 /* AppDelegate.swift */ = {isa = PBXFileReference; lastKnownFileType = sourcecode.swift; path = AppDelegate.swift; sourceTree = "<group>"; };
		D72D7D071AF9BE6000A00563 /* ViewController.swift */ = {isa = PBXFileReference; lastKnownFileType = sourcecode.swift; path = ViewController.swift; sourceTree = "<group>"; };
		D72D7D0A1AF9BE6000A00563 /* Base */ = {isa = PBXFileReference; lastKnownFileType = file.storyboard; name = Base; path = Base.lproj/Main.storyboard; sourceTree = "<group>"; };
		D72D7D0C1AF9BE6000A00563 /* Images.xcassets */ = {isa = PBXFileReference; lastKnownFileType = folder.assetcatalog; path = Images.xcassets; sourceTree = "<group>"; };
		D72D7D0F1AF9BE6000A00563 /* Base */ = {isa = PBXFileReference; lastKnownFileType = file.xib; name = Base; path = Base.lproj/LaunchScreen.xib; sourceTree = "<group>"; };
		D72D7D1A1AF9BE6000A00563 /* Info.plist */ = {isa = PBXFileReference; lastKnownFileType = text.plist.xml; path = Info.plist; sourceTree = "<group>"; };
		D72D7D1B1AF9BE6000A00563 /* QRCodeGeneratorTests.swift */ = {isa = PBXFileReference; lastKnownFileType = sourcecode.swift; path = QRCodeGeneratorTests.swift; sourceTree = "<group>"; };
		D72D7D291AF9CFB000A00563 /* LICENSE.txt */ = {isa = PBXFileReference; fileEncoding = 4; lastKnownFileType = text; path = LICENSE.txt; sourceTree = "<group>"; };
		D72D7D2A1AF9CFB000A00563 /* README.md */ = {isa = PBXFileReference; fileEncoding = 4; lastKnownFileType = net.daringfireball.markdown; path = README.md; sourceTree = "<group>"; };
/* End PBXFileReference section */

/* Begin PBXFrameworksBuildPhase section */
		D72D7CFD1AF9BE6000A00563 /* Frameworks */ = {
			isa = PBXFrameworksBuildPhase;
			buildActionMask = 2147483647;
			files = (
			);
			runOnlyForDeploymentPostprocessing = 0;
		};
/* End PBXFrameworksBuildPhase section */

/* Begin PBXGroup section */
		D72D7CF71AF9BE5F00A00563 = {
			isa = PBXGroup;
			children = (
				D72D7D2A1AF9CFB000A00563 /* README.md */,
				D72D7D291AF9CFB000A00563 /* LICENSE.txt */,
				D72D7D021AF9BE6000A00563 /* QRCodeGenerator */,
				D72D7D181AF9BE6000A00563 /* QRCodeGeneratorTests */,
				D72D7D011AF9BE6000A00563 /* Products */,
			);
			sourceTree = "<group>";
		};
		D72D7D011AF9BE6000A00563 /* Products */ = {
			isa = PBXGroup;
			children = (
				D72D7D001AF9BE6000A00563 /* QRCodeGenerator.app */,
			);
			name = Products;
			sourceTree = "<group>";
		};
		D72D7D021AF9BE6000A00563 /* QRCodeGenerator */ = {
			isa = PBXGroup;
			children = (
				D72D7D051AF9BE6000A00563 /* AppDelegate.swift */,
				D72D7D071AF9BE6000A00563 /* ViewController.swift */,
				D72D7D091AF9BE6000A00563 /* Main.storyboard */,
				D72D7D0C1AF9BE6000A00563 /* Images.xcassets */,
				D72D7D0E1AF9BE6000A00563 /* LaunchScreen.xib */,
				D72D7D031AF9BE6000A00563 /* Supporting Files */,
			);
			path = QRCodeGenerator;
			sourceTree = "<group>";
		};
		D72D7D031AF9BE6000A00563 /* Supporting Files */ = {
			isa = PBXGroup;
			children = (
				D72D7D041AF9BE6000A00563 /* Info.plist */,
			);
			name = "Supporting Files";
			sourceTree = "<group>";
		};
		D72D7D181AF9BE6000A00563 /* QRCodeGeneratorTests */ = {
			isa = PBXGroup;
			children = (
				D72D7D1B1AF9BE6000A00563 /* QRCodeGeneratorTests.swift */,
				D72D7D191AF9BE6000A00563 /* Supporting Files */,
			);
			path = QRCodeGeneratorTests;
			sourceTree = "<group>";
		};
		D72D7D191AF9BE6000A00563 /* Supporting Files */ = {
			isa = PBXGroup;
			children = (
				D72D7D1A1AF9BE6000A00563 /* Info.plist */,
			);
			name = "Supporting Files";
			sourceTree = "<group>";
		};
/* End PBXGroup section */

/* Begin PBXNativeTarget section */
		D72D7CFF1AF9BE6000A00563 /* QRCodeGenerator */ = {
			isa = PBXNativeTarget;
			buildConfigurationList = D72D7D1F1AF9BE6000A00563 /* Build configuration list for PBXNativeTarget "QRCodeGenerator" */;
			buildPhases = (
				D72D7CFC1AF9BE6000A00563 /* Sources */,
				D72D7CFD1AF9BE6000A00563 /* Frameworks */,
				D72D7CFE1AF9BE6000A00563 /* Resources */,
			);
			buildRules = (
			);
			dependencies = (
			);
			name = QRCodeGenerator;
			productName = QRCodeGenerator;
			productReference = D72D7D001AF9BE6000A00563 /* QRCodeGenerator.app */;
			productType = "com.apple.product-type.application";
		};
/* End PBXNativeTarget section */

/* Begin PBXProject section */
		D72D7CF81AF9BE5F00A00563 /* Project object */ = {
			isa = PBXProject;
			attributes = {
				LastSwiftUpdateCheck = 0700;
				LastUpgradeCheck = 0900;
				ORGANIZATIONNAME = nagata_kobo;
				TargetAttributes = {
					D72D7CFF1AF9BE6000A00563 = {
						CreatedOnToolsVersion = 6.3.1;
						LastSwiftMigration = 0900;
					};
				};
			};
			buildConfigurationList = D72D7CFB1AF9BE5F00A00563 /* Build configuration list for PBXProject "QRCodeGenerator" */;
			compatibilityVersion = "Xcode 3.2";
			developmentRegion = English;
			hasScannedForEncodings = 0;
			knownRegions = (
				en,
				Base,
			);
			mainGroup = D72D7CF71AF9BE5F00A00563;
			productRefGroup = D72D7D011AF9BE6000A00563 /* Products */;
			projectDirPath = "";
			projectRoot = "";
			targets = (
				D72D7CFF1AF9BE6000A00563 /* QRCodeGenerator */,
			);
		};
/* End PBXProject section */

/* Begin PBXResourcesBuildPhase section */
		D72D7CFE1AF9BE6000A00563 /* Resources */ = {
			isa = PBXResourcesBuildPhase;
			buildActionMask = 2147483647;
			files = (
				D72D7D0B1AF9BE6000A00563 /* Main.storyboard in Resources */,
				D72D7D101AF9BE6000A00563 /* LaunchScreen.xib in Resources */,
				D72D7D0D1AF9BE6000A00563 /* Images.xcassets in Resources */,
			);
			runOnlyForDeploymentPostprocessing = 0;
		};
/* End PBXResourcesBuildPhase section */

/* Begin PBXSourcesBuildPhase section */
		D72D7CFC1AF9BE6000A00563 /* Sources */ = {
			isa = PBXSourcesBuildPhase;
			buildActionMask = 2147483647;
			files = (
				D72D7D081AF9BE6000A00563 /* ViewController.swift in Sources */,
				D72D7D061AF9BE6000A00563 /* AppDelegate.swift in Sources */,
			);
			runOnlyForDeploymentPostprocessing = 0;
		};
/* End PBXSourcesBuildPhase section */

/* Begin PBXVariantGroup section */
		D72D7D091AF9BE6000A00563 /* Main.storyboard */ = {
			isa = PBXVariantGroup;
			children = (
				D72D7D0A1AF9BE6000A00563 /* Base */,
			);
			name = Main.storyboard;
			sourceTree = "<group>";
		};
		D72D7D0E1AF9BE6000A00563 /* LaunchScreen.xib */ = {
			isa = PBXVariantGroup;
			children = (
				D72D7D0F1AF9BE6000A00563 /* Base */,
			);
			name = LaunchScreen.xib;
			sourceTree = "<group>";
		};
/* End PBXVariantGroup section */

/* Begin XCBuildConfiguration section */
		D72D7D1D1AF9BE6000A00563 /* Debug */ = {
			isa = XCBuildConfiguration;
			buildSettings = {
				ALWAYS_SEARCH_USER_PATHS = NO;
				CLANG_CXX_LANGUAGE_STANDARD = "gnu++0x";
				CLANG_CXX_LIBRARY = "libc++";
				CLANG_ENABLE_MODULES = YES;
				CLANG_ENABLE_OBJC_ARC = YES;
				CLANG_WARN_BLOCK_CAPTURE_AUTORELEASING = YES;
				CLANG_WARN_BOOL_CONVERSION = YES;
				CLANG_WARN_COMMA = YES;
				CLANG_WARN_CONSTANT_CONVERSION = YES;
				CLANG_WARN_DIRECT_OBJC_ISA_USAGE = YES_ERROR;
				CLANG_WARN_EMPTY_BODY = YES;
				CLANG_WARN_ENUM_CONVERSION = YES;
				CLANG_WARN_INFINITE_RECURSION = YES;
				CLANG_WARN_INT_CONVERSION = YES;
				CLANG_WARN_NON_LITERAL_NULL_CONVERSION = YES;
				CLANG_WARN_OBJC_LITERAL_CONVERSION = YES;
				CLANG_WARN_OBJC_ROOT_CLASS = YES_ERROR;
				CLANG_WARN_RANGE_LOOP_ANALYSIS = YES;
				CLANG_WARN_STRICT_PROTOTYPES = YES;
				CLANG_WARN_SUSPICIOUS_MOVE = YES;
				CLANG_WARN_UNREACHABLE_CODE = YES;
				CLANG_WARN__DUPLICATE_METHOD_MATCH = YES;
				"CODE_SIGN_IDENTITY[sdk=iphoneos*]" = "iPhone Developer";
				COPY_PHASE_STRIP = NO;
				DEBUG_INFORMATION_FORMAT = "dwarf-with-dsym";
				ENABLE_STRICT_OBJC_MSGSEND = YES;
				ENABLE_TESTABILITY = YES;
				GCC_C_LANGUAGE_STANDARD = gnu99;
				GCC_DYNAMIC_NO_PIC = NO;
				GCC_NO_COMMON_BLOCKS = YES;
				GCC_OPTIMIZATION_LEVEL = 0;
				GCC_PREPROCESSOR_DEFINITIONS = (
					"DEBUG=1",
					"$(inherited)",
				);
				GCC_SYMBOLS_PRIVATE_EXTERN = NO;
				GCC_WARN_64_TO_32_BIT_CONVERSION = YES;
				GCC_WARN_ABOUT_RETURN_TYPE = YES_ERROR;
				GCC_WARN_UNDECLARED_SELECTOR = YES;
				GCC_WARN_UNINITIALIZED_AUTOS = YES_AGGRESSIVE;
				GCC_WARN_UNUSED_FUNCTION = YES;
				GCC_WARN_UNUSED_VARIABLE = YES;
				IPHONEOS_DEPLOYMENT_TARGET = 8.0;
				MTL_ENABLE_DEBUG_INFO = YES;
				ONLY_ACTIVE_ARCH = YES;
				SDKROOT = iphoneos;
				SWIFT_OPTIMIZATION_LEVEL = "-Onone";
				SWIFT_SWIFT3_OBJC_INFERENCE = Off;
			};
			name = Debug;
		};
		D72D7D1E1AF9BE6000A00563 /* Release */ = {
			isa = XCBuildConfiguration;
			buildSettings = {
				ALWAYS_SEARCH_USER_PATHS = NO;
				CLANG_CXX_LANGUAGE_STANDARD = "gnu++0x";
				CLANG_CXX_LIBRARY = "libc++";
				CLANG_ENABLE_MODULES = YES;
				CLANG_ENABLE_OBJC_ARC = YES;
				CLANG_WARN_BLOCK_CAPTURE_AUTORELEASING = YES;
				CLANG_WARN_BOOL_CONVERSION = YES;
				CLANG_WARN_COMMA = YES;
				CLANG_WARN_CONSTANT_CONVERSION = YES;
				CLANG_WARN_DIRECT_OBJC_ISA_USAGE = YES_ERROR;
				CLANG_WARN_EMPTY_BODY = YES;
				CLANG_WARN_ENUM_CONVERSION = YES;
				CLANG_WARN_INFINITE_RECURSION = YES;
				CLANG_WARN_INT_CONVERSION = YES;
				CLANG_WARN_NON_LITERAL_NULL_CONVERSION = YES;
				CLANG_WARN_OBJC_LITERAL_CONVERSION = YES;
				CLANG_WARN_OBJC_ROOT_CLASS = YES_ERROR;
				CLANG_WARN_RANGE_LOOP_ANALYSIS = YES;
				CLANG_WARN_STRICT_PROTOTYPES = YES;
				CLANG_WARN_SUSPICIOUS_MOVE = YES;
				CLANG_WARN_UNREACHABLE_CODE = YES;
				CLANG_WARN__DUPLICATE_METHOD_MATCH = YES;
				"CODE_SIGN_IDENTITY[sdk=iphoneos*]" = "iPhone Developer";
				COPY_PHASE_STRIP = NO;
				DEBUG_INFORMATION_FORMAT = "dwarf-with-dsym";
				ENABLE_NS_ASSERTIONS = NO;
				ENABLE_STRICT_OBJC_MSGSEND = YES;
				GCC_C_LANGUAGE_STANDARD = gnu99;
				GCC_NO_COMMON_BLOCKS = YES;
				GCC_WARN_64_TO_32_BIT_CONVERSION = YES;
				GCC_WARN_ABOUT_RETURN_TYPE = YES_ERROR;
				GCC_WARN_UNDECLARED_SELECTOR = YES;
				GCC_WARN_UNINITIALIZED_AUTOS = YES_AGGRESSIVE;
				GCC_WARN_UNUSED_FUNCTION = YES;
				GCC_WARN_UNUSED_VARIABLE = YES;
				IPHONEOS_DEPLOYMENT_TARGET = 8.0;
				MTL_ENABLE_DEBUG_INFO = NO;
				SDKROOT = iphoneos;
				SWIFT_OPTIMIZATION_LEVEL = "-Owholemodule";
				SWIFT_SWIFT3_OBJC_INFERENCE = Off;
				VALIDATE_PRODUCT = YES;
			};
			name = Release;
		};
		D72D7D201AF9BE6000A00563 /* Debug */ = {
			isa = XCBuildConfiguration;
			buildSettings = {
				ASSETCATALOG_COMPILER_APPICON_NAME = AppIcon;
				ASSETCATALOG_COMPILER_LAUNCHIMAGE_NAME = LaunchImage;
				INFOPLIST_FILE = QRCodeGenerator/Info.plist;
				LD_RUNPATH_SEARCH_PATHS = "$(inherited) @executable_path/Frameworks";
				PRODUCT_BUNDLE_IDENTIFIER = "com.oopers.$(PRODUCT_NAME:rfc1034identifier)";
				PRODUCT_NAME = "$(TARGET_NAME)";
				SWIFT_SWIFT3_OBJC_INFERENCE = Off;
				SWIFT_VERSION = 4.0;
			};
			name = Debug;
		};
		D72D7D211AF9BE6000A00563 /* Release */ = {
			isa = XCBuildConfiguration;
			buildSettings = {
				ASSETCATALOG_COMPILER_APPICON_NAME = AppIcon;
				ASSETCATALOG_COMPILER_LAUNCHIMAGE_NAME = LaunchImage;
				INFOPLIST_FILE = QRCodeGenerator/Info.plist;
				LD_RUNPATH_SEARCH_PATHS = "$(inherited) @executable_path/Frameworks";
				PRODUCT_BUNDLE_IDENTIFIER = "com.oopers.$(PRODUCT_NAME:rfc1034identifier)";
				PRODUCT_NAME = "$(TARGET_NAME)";
				SWIFT_SWIFT3_OBJC_INFERENCE = Off;
				SWIFT_VERSION = 4.0;
			};
			name = Release;
		};
/* End XCBuildConfiguration section */

/* Begin XCConfigurationList section */
		D72D7CFB1AF9BE5F00A00563 /* Build configuration list for PBXProject "QRCodeGenerator" */ = {
			isa = XCConfigurationList;
			buildConfigurations = (
				D72D7D1D1AF9BE6000A00563 /* Debug */,
				D72D7D1E1AF9BE6000A00563 /* Release */,
			);
			defaultConfigurationIsVisible = 0;
			defaultConfigurationName = Release;
		};
		D72D7D1F1AF9BE6000A00563 /* Build configuration list for PBXNativeTarget "QRCodeGenerator" */ = {
			isa = XCConfigurationList;
			buildConfigurations = (
				D72D7D201AF9BE6000A00563 /* Debug */,
				D72D7D211AF9BE6000A00563 /* Release */,
			);
			defaultConfigurationIsVisible = 0;
			defaultConfigurationName = Release;
		};
/* End XCConfigurationList section */
	};
	rootObject = D72D7CF81AF9BE5F00A00563 /* Project object */;
}
